{
  "name": "kaspa-scout",
  "version": "0.2.0",
  "lockfileVersion": 3,
  "requires": true,
  "packages": {
    "": {
      "name": "kaspa-scout",
      "version": "0.2.0",
      "dependencies": {
        "kaspa-wasm": "file:../shared/vendor/kaspa-wasm"
      }
    },
    "../../kaspa-mcp/vendor/kaspa-wasm": {
      "extraneous": true
    },
    "../kaspa-mcp/vendor/kaspa-wasm": {
      "version": "1.0.1",
      "extraneous": true,
      "license": "ISC"
    },
    "../shared/vendor/kaspa-wasm": {
      "version": "1.0.1",
      "license": "ISC"
    },
    "node_modules/kaspa-wasm": {
      "resolved": "../shared/vendor/kaspa-wasm",
      "link": true
    }
  }
}
