{
  "name": "kaspa-scout",
  "version": "0.2.0",
  "lockfileVersion": 3,
  "requires": true,
  "packages": {
    "": {
      "name": "kaspa-scout",
      "version": "0.2.0",
      "dependencies": {
        "kaspa-wasm": "npm:@onetokenfe/kaspa-wasm-node@^1.0.2"
      }
    },
    "../../kaspa-mcp/vendor/kaspa-wasm": {
      "extraneous": true
    },
    "../kaspa-mcp/vendor/kaspa-wasm": {
      "version": "1.0.1",
      "extraneous": true,
      "license": "ISC"
    },
    "node_modules/kaspa-wasm": {
      "name": "@onetokenfe/kaspa-wasm-node",
      "version": "1.0.2",
      "resolved": "https://registry.npmjs.org/@onetokenfe/kaspa-wasm-node/-/kaspa-wasm-node-1.0.2.tgz",
      "integrity": "sha512-CJQV2E6Es6o19yyyBfBqDD5JBoIL2t77QM4NMC3RLmqdbRz4kkYR1++bXCH3XA5EXyQuph48MwD0X+3BR3G+3A==",
      "license": "ISC"
    }
  }
}
